
Microsoft Visual Studio Solution File, Format Version 12.00
# Visual Studio Version 17
VisualStudioVersion = 17.5.002.0
MinimumVisualStudioVersion = 10.0.40219.1
Project("{9A19103F-16F7-4668-BE54-9A1E7A4F7556}") = "Laberinto", "Laberinto.csproj", "{25079C64-0E5C-4F08-8287-244D1A27BE0C}"
EndProject
Global
	GlobalSection(SolutionConfigurationPlatforms) = preSolution
		Debug|Any CPU = Debug|Any CPU
		Release|Any CPU = Release|Any CPU
	EndGlobalSection
	GlobalSection(ProjectConfigurationPlatforms) = postSolution
		{25079C64-0E5C-4F08-8287-244D1A27BE0C}.Debug|Any CPU.ActiveCfg = Debug|Any CPU
		{25079C64-0E5C-4F08-8287-244D1A27BE0C}.Debug|Any CPU.Build.0 = Debug|Any CPU
		{25079C64-0E5C-4F08-8287-244D1A27BE0C}.Release|Any CPU.ActiveCfg = Release|Any CPU
		{25079C64-0E5C-4F08-8287-244D1A27BE0C}.Release|Any CPU.Build.0 = Release|Any CPU
	EndGlobalSection
	GlobalSection(SolutionProperties) = preSolution
		HideSolutionNode = FALSE
	EndGlobalSection
	GlobalSection(ExtensibilityGlobals) = postSolution
		SolutionGuid = {A8379F49-E6A0-40D4-B7BD-B516B80CF00F}
	EndGlobalSection
EndGlobal
